<?xml version="1.0" encoding="utf-8"?>
<Project ToolsVersion="4.0" xmlns="http://schemas.microsoft.com/developer/msbuild/2003">
  <ItemGroup>
    <CudaCompile Include="kernel.cu" />
  </ItemGroup>
  <ItemGroup>
    <Filter Include="Water">
      <UniqueIdentifier>{5b605eb4-8b23-40dc-bf86-7929de44a575}</UniqueIdentifier>
    </Filter>
    <Filter Include="Common">
      <UniqueIdentifier>{a5f139e1-83a6-4f75-b8fe-6f6d00c3f453}</UniqueIdentifier>
    </Filter>
    <Filter Include="Visualization">
      <UniqueIdentifier>{5b2aa12b-a661-4796-9102-19b4a9f1ce38}</UniqueIdentifier>
    </Filter>
    <Filter Include="Functions">
      <UniqueIdentifier>{7fa26592-7f1d-4ac7-8460-1ba46b0b55ab}</UniqueIdentifier>
    </Filter>
    <Filter Include="ODE Solvers">
      <UniqueIdentifier>{3987e746-31c6-4e83-84a5-5b2d2b93ff00}</UniqueIdentifier>
    </Filter>
  </ItemGroup>
  <ItemGroup>
    <ClInclude Include="ProblemProperties.hpp" />
    <ClInclude Include="constants.cuh" />
    <ClInclude Include="createM.cuh" />
    <ClInclude Include="Derivatives.cuh" />
    <ClInclude Include="MatrixSolver.cuh" />
    <ClInclude Include="WaterBoundaryIntegralCalculator.cuh" />
    <ClInclude Include="utilities.cuh" />
    <ClInclude Include="WaterVelocities.cuh" />
    <ClInclude Include="cuDoubleComplexOperators.cuh" />
    <ClInclude Include="AutonomousProblem.h" />
    <ClInclude Include="Energies.cuh" />
    <ClInclude Include="PrecisionMath.cuh" />
    <ClInclude Include="DevicePointers.cuh" />
    <ClInclude Include="ValueLogger.h">
      <Filter>Common</Filter>
    </ClInclude>
    <ClInclude Include="PingPongBuffer.cuh">
      <Filter>Common</Filter>
    </ClInclude>
    <ClInclude Include="DataLogger.cuh">
      <Filter>Common</Filter>
    </ClInclude>
    <ClInclude Include="SimulationRunner.cuh">
      <Filter>Common</Filter>
    </ClInclude>
    <ClInclude Include="VideoMaking.h">
      <Filter>Visualization</Filter>
    </ClInclude>
    <ClInclude Include="SolitonPeak.h">
      <Filter>Functions</Filter>
    </ClInclude>
    <ClInclude Include="AutonomousRungeKuttaStepper.cuh">
      <Filter>ODE Solvers</Filter>
    </ClInclude>
    <ClInclude Include="SimpleEuler.cuh">
      <Filter>ODE Solvers</Filter>
    </ClInclude>
    <ClInclude Include="RK45.cuh">
      <Filter>ODE Solvers</Filter>
    </ClInclude>
    <ClInclude Include="RKBase.cuh">
      <Filter>ODE Solvers</Filter>
    </ClInclude>
  </ItemGroup>
</Project>